{
  "name": "codex-agent",
  "version": "0.2.0",
  "lockfileVersion": 3,
  "requires": true,
  "packages": {
    "": {
      "name": "codex-agent",
      "version": "0.2.0",
      "workspaces": [
        "packages/codex-agent-codex-agent-client",
        "packages/codex-agent-codex-agent-client-test"
      ],
      "devDependencies": {}
    },
    "node_modules/codex-agent-codex-agent-client": {
      "resolved": "packages/codex-agent-codex-agent-client",
      "link": true
    },
    "node_modules/codex-agent-codex-agent-client-test": {
      "resolved": "packages/codex-agent-codex-agent-client-test",
      "link": true
    },
    "packages/codex-agent-codex-agent-client": {
      "version": "0.2.0",
      "devDependencies": {}
    },
    "packages/codex-agent-codex-agent-client-test": {
      "version": "0.2.0",
      "devDependencies": {}
    }
  }
}
